<?xml version="1.0" encoding="utf-8"?>
<Project ToolsVersion="4.0" xmlns="http://schemas.microsoft.com/developer/msbuild/2003">
  <ItemGroup>
    <Filter Include="Source Files">
      <UniqueIdentifier>{4FC737F1-C7A5-4376-A066-2A32D752A2FF}</UniqueIdentifier>
      <Extensions>cpp;c;cc;cxx;c++;cppm;ixx;def;odl;idl;hpj;bat;asm;asmx</Extensions>
    </Filter>
    <Filter Include="Header Files">
      <UniqueIdentifier>{93995380-89BD-4b04-88EB-625FBE52EBFB}</UniqueIdentifier>
      <Extensions>h;hh;hpp;hxx;h++;hm;inl;inc;ipp;xsd</Extensions>
    </Filter>
    <Filter Include="Resource Files">
      <UniqueIdentifier>{67DA6AB6-F800-4c08-8B7A-83BB121AAD01}</UniqueIdentifier>
      <Extensions>rc;ico;cur;bmp;dlg;rc2;rct;bin;rgs;gif;jpg;jpeg;jpe;resx;tiff;tif;png;wav;mfcribbon-ms</Extensions>
    </Filter>
    <Filter Include="Source Files\Engine">
      <UniqueIdentifier>{ff1b4128-e542-4631-846d-2e97e72ee3d5}</UniqueIdentifier>
    </Filter>
    <Filter Include="Source Files\Engine\Core">
      <UniqueIdentifier>{1e9dce4e-5def-40cb-8ad4-c1623ed2991b}</UniqueIdentifier>
    </Filter>
    <Filter Include="Header Files\Engine">
      <UniqueIdentifier>{7106d446-f84c-4a74-a3cf-c77a8c8c90b7}</UniqueIdentifier>
    </Filter>
    <Filter Include="Header Files\Engine\Core">
      <UniqueIdentifier>{8053fdaf-ac6a-4ac4-b199-857e26b8a72b}</UniqueIdentifier>
    </Filter>
    <Filter Include="Header Files\Engine\ECS">
      <UniqueIdentifier>{e759491f-9a1e-4b2a-84f8-c5d3639d237e}</UniqueIdentifier>
    </Filter>
    <Filter Include="Header Files\Engine\Resources">
      <UniqueIdentifier>{572e0284-0256-4622-b217-dc23226db15f}</UniqueIdentifier>
    </Filter>
    <Filter Include="Header Files\Engine\Core\Modules">
      <UniqueIdentifier>{e84ddb56-4af7-45a3-987d-76ce848595b7}</UniqueIdentifier>
    </Filter>
  </ItemGroup>
  <ItemGroup>
    <ClCompile Include="main.cpp">
      <Filter>Source Files</Filter>
    </ClCompile>
    <ClCompile Include="Module.cpp">
      <Filter>Source Files\Engine\Core</Filter>
    </ClCompile>
  </ItemGroup>
  <ItemGroup>
    <ClInclude Include="Engine.h">
      <Filter>Header Files\Engine\Core</Filter>
    </ClInclude>
    <ClInclude Include="API.h">
      <Filter>Header Files\Engine\Core</Filter>
    </ClInclude>
    <ClInclude Include="Common.h">
      <Filter>Header Files\Engine\Core</Filter>
    </ClInclude>
    <ClInclude Include="ResourceManager.h">
      <Filter>Header Files\Engine\Resources</Filter>
    </ClInclude>
    <ClInclude Include="Module.h">
      <Filter>Header Files\Engine\Core\Modules</Filter>
    </ClInclude>
  </ItemGroup>
</Project>